
Microsoft Visual Studio Solution File, Format Version 12.00
# Visual Studio 14
VisualStudioVersion = 14.0.25420.1
MinimumVisualStudioVersion = 10.0.40219.1
Project("{FAE04EC0-301F-11D3-BF4B-00C04F79EFBC}") = "maze", "maze\maze.csproj", "{550982A9-D4A6-4098-8C93-3EC8C0F24297}"
EndProject
Project("{FAE04EC0-301F-11D3-BF4B-00C04F79EFBC}") = "maze1", "maze1\maze1.csproj", "{E5C73C19-53A5-4C20-B652-B7998F3D2ED9}"
EndProject
Project("{FAE04EC0-301F-11D3-BF4B-00C04F79EFBC}") = "maze2", "maze2\maze2.csproj", "{8F946F96-E752-488C-A80A-0418FA06D55B}"
EndProject
Global
	GlobalSection(SolutionConfigurationPlatforms) = preSolution
		Debug|Any CPU = Debug|Any CPU
		Release|Any CPU = Release|Any CPU
	EndGlobalSection
	GlobalSection(ProjectConfigurationPlatforms) = postSolution
		{550982A9-D4A6-4098-8C93-3EC8C0F24297}.Debug|Any CPU.ActiveCfg = Debug|Any CPU
		{550982A9-D4A6-4098-8C93-3EC8C0F24297}.Debug|Any CPU.Build.0 = Debug|Any CPU
		{550982A9-D4A6-4098-8C93-3EC8C0F24297}.Release|Any CPU.ActiveCfg = Release|Any CPU
		{550982A9-D4A6-4098-8C93-3EC8C0F24297}.Release|Any CPU.Build.0 = Release|Any CPU
		{E5C73C19-53A5-4C20-B652-B7998F3D2ED9}.Debug|Any CPU.ActiveCfg = Debug|Any CPU
		{E5C73C19-53A5-4C20-B652-B7998F3D2ED9}.Debug|Any CPU.Build.0 = Debug|Any CPU
		{E5C73C19-53A5-4C20-B652-B7998F3D2ED9}.Release|Any CPU.ActiveCfg = Release|Any CPU
		{E5C73C19-53A5-4C20-B652-B7998F3D2ED9}.Release|Any CPU.Build.0 = Release|Any CPU
		{8F946F96-E752-488C-A80A-0418FA06D55B}.Debug|Any CPU.ActiveCfg = Debug|Any CPU
		{8F946F96-E752-488C-A80A-0418FA06D55B}.Debug|Any CPU.Build.0 = Debug|Any CPU
		{8F946F96-E752-488C-A80A-0418FA06D55B}.Release|Any CPU.ActiveCfg = Release|Any CPU
		{8F946F96-E752-488C-A80A-0418FA06D55B}.Release|Any CPU.Build.0 = Release|Any CPU
	EndGlobalSection
	GlobalSection(SolutionProperties) = preSolution
		HideSolutionNode = FALSE
	EndGlobalSection
EndGlobal
